
Microsoft Visual Studio Solution File, Format Version 12.00
# Visual Studio 15
Project("{FAE04EC0-301F-11D3-BF4B-00C04F79EFBC}") = "PriestGame", "PriestGame.csproj", "{3EC6B33F-68E6-3310-8ED0-A1C91F2848A2}"
EndProject
Project("{FAE04EC0-301F-11D3-BF4B-00C04F79EFBC}") = "PriestGame.Editor", "PriestGame.Editor.csproj", "{1256C22A-1217-EE83-8995-C40892133BF5}"
EndProject
Global
	GlobalSection(SolutionConfigurationPlatforms) = preSolution
		Debug|Any CPU = Debug|Any CPU
		Release|Any CPU = Release|Any CPU
	EndGlobalSection
	GlobalSection(ProjectConfigurationPlatforms) = postSolution
		{3EC6B33F-68E6-3310-8ED0-A1C91F2848A2}.Debug|Any CPU.ActiveCfg = Debug|Any CPU
		{3EC6B33F-68E6-3310-8ED0-A1C91F2848A2}.Debug|Any CPU.Build.0 = Debug|Any CPU
		{3EC6B33F-68E6-3310-8ED0-A1C91F2848A2}.Release|Any CPU.ActiveCfg = Release|Any CPU
		{3EC6B33F-68E6-3310-8ED0-A1C91F2848A2}.Release|Any CPU.Build.0 = Release|Any CPU
		{1256C22A-1217-EE83-8995-C40892133BF5}.Debug|Any CPU.ActiveCfg = Debug|Any CPU
		{1256C22A-1217-EE83-8995-C40892133BF5}.Debug|Any CPU.Build.0 = Debug|Any CPU
		{1256C22A-1217-EE83-8995-C40892133BF5}.Release|Any CPU.ActiveCfg = Release|Any CPU
		{1256C22A-1217-EE83-8995-C40892133BF5}.Release|Any CPU.Build.0 = Release|Any CPU
	EndGlobalSection
	GlobalSection(SolutionProperties) = preSolution
		HideSolutionNode = FALSE
	EndGlobalSection
EndGlobal
